
Microsoft Visual Studio Solution File, Format Version 12.00
# Visual Studio 2012
Project("{FAE04EC0-301F-11D3-BF4B-00C04F79EFBC}") = "LabSix__Dice_Roll", "LabSix__Dice_Roll\LabSix__Dice_Roll.csproj", "{943CEF3B-138C-406F-A087-7841313C829E}"
EndProject
Global
	GlobalSection(SolutionConfigurationPlatforms) = preSolution
		Debug|Any CPU = Debug|Any CPU
		Release|Any CPU = Release|Any CPU
	EndGlobalSection
	GlobalSection(ProjectConfigurationPlatforms) = postSolution
		{943CEF3B-138C-406F-A087-7841313C829E}.Debug|Any CPU.ActiveCfg = Debug|Any CPU
		{943CEF3B-138C-406F-A087-7841313C829E}.Debug|Any CPU.Build.0 = Debug|Any CPU
		{943CEF3B-138C-406F-A087-7841313C829E}.Release|Any CPU.ActiveCfg = Release|Any CPU
		{943CEF3B-138C-406F-A087-7841313C829E}.Release|Any CPU.Build.0 = Release|Any CPU
	EndGlobalSection
EndGlobal
